
Microsoft Visual Studio Solution File, Format Version 12.00
# Visual Studio Version 16
VisualStudioVersion = 16.0.31702.278
MinimumVisualStudioVersion = 10.0.40219.1
Project("{FAE04EC0-301F-11D3-BF4B-00C04F79EFBC}") = "SnakeGame", "SnakeGame\SnakeGame.csproj", "{AB35B7C4-0B53-4BA0-A0F8-F50280A9E376}"
EndProject
Global
	GlobalSection(SolutionConfigurationPlatforms) = preSolution
		Debug|Any CPU = Debug|Any CPU
		Release|Any CPU = Release|Any CPU
	EndGlobalSection
	GlobalSection(ProjectConfigurationPlatforms) = postSolution
		{AB35B7C4-0B53-4BA0-A0F8-F50280A9E376}.Debug|Any CPU.ActiveCfg = Debug|Any CPU
		{AB35B7C4-0B53-4BA0-A0F8-F50280A9E376}.Debug|Any CPU.Build.0 = Debug|Any CPU
		{AB35B7C4-0B53-4BA0-A0F8-F50280A9E376}.Release|Any CPU.ActiveCfg = Release|Any CPU
		{AB35B7C4-0B53-4BA0-A0F8-F50280A9E376}.Release|Any CPU.Build.0 = Release|Any CPU
	EndGlobalSection
	GlobalSection(SolutionProperties) = preSolution
		HideSolutionNode = FALSE
	EndGlobalSection
	GlobalSection(ExtensibilityGlobals) = postSolution
		SolutionGuid = {1AB7015D-6828-4514-9AC2-F8AE6AD0D65F}
	EndGlobalSection
EndGlobal
